// !$*UTF8*$!
{
	archiveVersion = 1;
	classes = {
	};
	objectVersion = 55;
	objects = {

/* Begin PBXBuildFile section */
		EA77524E27FBBA5600251A76 /* Game.swift in Sources */ = {isa = PBXBuildFile; fileRef = EA77524D27FBBA5600251A76 /* Game.swift */; };
		EA77524F27FBBA5600251A76 /* Game.swift in Sources */ = {isa = PBXBuildFile; fileRef = EA77524D27FBBA5600251A76 /* Game.swift */; };
		EA77525727FBBCCE00251A76 /* BullseyeTests.swift in Sources */ = {isa = PBXBuildFile; fileRef = EA77525627FBBCCE00251A76 /* BullseyeTests.swift */; };
		EA88375A27FBB5AF0037C19C /* BullseyeApp.swift in Sources */ = {isa = PBXBuildFile; fileRef = EA88374A27FBB5AE0037C19C /* BullseyeApp.swift */; };
		EA88375B27FBB5AF0037C19C /* BullseyeApp.swift in Sources */ = {isa = PBXBuildFile; fileRef = EA88374A27FBB5AE0037C19C /* BullseyeApp.swift */; };
		EA88375C27FBB5AF0037C19C /* ContentView.swift in Sources */ = {isa = PBXBuildFile; fileRef = EA88374B27FBB5AE0037C19C /* ContentView.swift */; };
		EA88375D27FBB5AF0037C19C /* ContentView.swift in Sources */ = {isa = PBXBuildFile; fileRef = EA88374B27FBB5AE0037C19C /* ContentView.swift */; };
		EA88375E27FBB5AF0037C19C /* Assets.xcassets in Resources */ = {isa = PBXBuildFile; fileRef = EA88374C27FBB5AE0037C19C /* Assets.xcassets */; };
		EA88375F27FBB5AF0037C19C /* Assets.xcassets in Resources */ = {isa = PBXBuildFile; fileRef = EA88374C27FBB5AE0037C19C /* Assets.xcassets */; };
/* End PBXBuildFile section */

/* Begin PBXContainerItemProxy section */
		EA77525827FBBCCE00251A76 /* PBXContainerItemProxy */ = {
			isa = PBXContainerItemProxy;
			containerPortal = EA88374527FBB5AE0037C19C /* Project object */;
			proxyType = 1;
			remoteGlobalIDString = EA88375027FBB5AE0037C19C;
			remoteInfo = "Bullseye (iOS)";
		};
/* End PBXContainerItemProxy section */

/* Begin PBXFileReference section */
		EA77524D27FBBA5600251A76 /* Game.swift */ = {isa = PBXFileReference; lastKnownFileType = sourcecode.swift; path = Game.swift; sourceTree = "<group>"; };
		EA77525427FBBCCE00251A76 /* BullseyeTests.xctest */ = {isa = PBXFileReference; explicitFileType = wrapper.cfbundle; includeInIndex = 0; path = BullseyeTests.xctest; sourceTree = BUILT_PRODUCTS_DIR; };
		EA77525627FBBCCE00251A76 /* BullseyeTests.swift */ = {isa = PBXFileReference; lastKnownFileType = sourcecode.swift; path = BullseyeTests.swift; sourceTree = "<group>"; };
		EA88374A27FBB5AE0037C19C /* BullseyeApp.swift */ = {isa = PBXFileReference; lastKnownFileType = sourcecode.swift; path = BullseyeApp.swift; sourceTree = "<group>"; };
		EA88374B27FBB5AE0037C19C /* ContentView.swift */ = {isa = PBXFileReference; lastKnownFileType = sourcecode.swift; path = ContentView.swift; sourceTree = "<group>"; };
		EA88374C27FBB5AE0037C19C /* Assets.xcassets */ = {isa = PBXFileReference; lastKnownFileType = folder.assetcatalog; path = Assets.xcassets; sourceTree = "<group>"; };
		EA88375127FBB5AE0037C19C /* Bullseye.app */ = {isa = PBXFileReference; explicitFileType = wrapper.application; includeInIndex = 0; path = Bullseye.app; sourceTree = BUILT_PRODUCTS_DIR; };
		EA88375727FBB5AF0037C19C /* Bullseye.app */ = {isa = PBXFileReference; explicitFileType = wrapper.application; includeInIndex = 0; path = Bullseye.app; sourceTree = BUILT_PRODUCTS_DIR; };
		EA88375927FBB5AF0037C19C /* macOS.entitlements */ = {isa = PBXFileReference; lastKnownFileType = text.plist.entitlements; path = macOS.entitlements; sourceTree = "<group>"; };
/* End PBXFileReference section */

/* Begin PBXFrameworksBuildPhase section */
		EA77525127FBBCCE00251A76 /* Frameworks */ = {
			isa = PBXFrameworksBuildPhase;
			buildActionMask = 2147483647;
			files = (
			);
			runOnlyForDeploymentPostprocessing = 0;
		};
		EA88374E27FBB5AE0037C19C /* Frameworks */ = {
			isa = PBXFrameworksBuildPhase;
			buildActionMask = 2147483647;
			files = (
			);
			runOnlyForDeploymentPostprocessing = 0;
		};
		EA88375427FBB5AF0037C19C /* Frameworks */ = {
			isa = PBXFrameworksBuildPhase;
			buildActionMask = 2147483647;
			files = (
			);
			runOnlyForDeploymentPostprocessing = 0;
		};
/* End PBXFrameworksBuildPhase section */

/* Begin PBXGroup section */
		EA77525527FBBCCE00251A76 /* BullseyeTests */ = {
			isa = PBXGroup;
			children = (
				EA77525627FBBCCE00251A76 /* BullseyeTests.swift */,
			);
			path = BullseyeTests;
			sourceTree = "<group>";
		};
		EA88374427FBB5AE0037C19C = {
			isa = PBXGroup;
			children = (
				EA88374927FBB5AE0037C19C /* Bullseye */,
				EA88375827FBB5AF0037C19C /* macOS */,
				EA77525527FBBCCE00251A76 /* BullseyeTests */,
				EA88375227FBB5AE0037C19C /* Products */,
			);
			sourceTree = "<group>";
		};
		EA88374927FBB5AE0037C19C /* Bullseye */ = {
			isa = PBXGroup;
			children = (
				EA8A700A27FBB85900F9522B /* App */,
				EA8A700927FBB83E00F9522B /* Models */,
				EA88376C27FBB66B0037C19C /* Views */,
				EA88374C27FBB5AE0037C19C /* Assets.xcassets */,
			);
			path = Bullseye;
			sourceTree = "<group>";
		};
		EA88375227FBB5AE0037C19C /* Products */ = {
			isa = PBXGroup;
			children = (
				EA88375127FBB5AE0037C19C /* Bullseye.app */,
				EA88375727FBB5AF0037C19C /* Bullseye.app */,
				EA77525427FBBCCE00251A76 /* BullseyeTests.xctest */,
			);
			name = Products;
			sourceTree = "<group>";
		};
		EA88375827FBB5AF0037C19C /* macOS */ = {
			isa = PBXGroup;
			children = (
				EA88375927FBB5AF0037C19C /* macOS.entitlements */,
			);
			path = macOS;
			sourceTree = "<group>";
		};
		EA88376C27FBB66B0037C19C /* Views */ = {
			isa = PBXGroup;
			children = (
				EA88374B27FBB5AE0037C19C /* ContentView.swift */,
			);
			path = Views;
			sourceTree = "<group>";
		};
		EA8A700927FBB83E00F9522B /* Models */ = {
			isa = PBXGroup;
			children = (
				EA77524D27FBBA5600251A76 /* Game.swift */,
			);
			path = Models;
			sourceTree = "<group>";
		};
		EA8A700A27FBB85900F9522B /* App */ = {
			isa = PBXGroup;
			children = (
				EA88374A27FBB5AE0037C19C /* BullseyeApp.swift */,
			);
			path = App;
			sourceTree = "<group>";
		};
/* End PBXGroup section */

/* Begin PBXNativeTarget section */
		EA77525327FBBCCE00251A76 /* BullseyeTests */ = {
			isa = PBXNativeTarget;
			buildConfigurationList = EA77525C27FBBCCE00251A76 /* Build configuration list for PBXNativeTarget "BullseyeTests" */;
			buildPhases = (
				EA77525027FBBCCE00251A76 /* Sources */,
				EA77525127FBBCCE00251A76 /* Frameworks */,
				EA77525227FBBCCE00251A76 /* Resources */,
			);
			buildRules = (
			);
			dependencies = (
				EA77525927FBBCCE00251A76 /* PBXTargetDependency */,
			);
			name = BullseyeTests;
			productName = BullseyeTests;
			productReference = EA77525427FBBCCE00251A76 /* BullseyeTests.xctest */;
			productType = "com.apple.product-type.bundle.unit-test";
		};
		EA88375027FBB5AE0037C19C /* Bullseye (iOS) */ = {
			isa = PBXNativeTarget;
			buildConfigurationList = EA88376227FBB5AF0037C19C /* Build configuration list for PBXNativeTarget "Bullseye (iOS)" */;
			buildPhases = (
				EA88374D27FBB5AE0037C19C /* Sources */,
				EA88374E27FBB5AE0037C19C /* Frameworks */,
				EA88374F27FBB5AE0037C19C /* Resources */,
			);
			buildRules = (
			);
			dependencies = (
			);
			name = "Bullseye (iOS)";
			productName = "Bullseye (iOS)";
			productReference = EA88375127FBB5AE0037C19C /* Bullseye.app */;
			productType = "com.apple.product-type.application";
		};
		EA88375627FBB5AF0037C19C /* Bullseye (macOS) */ = {
			isa = PBXNativeTarget;
			buildConfigurationList = EA88376527FBB5AF0037C19C /* Build configuration list for PBXNativeTarget "Bullseye (macOS)" */;
			buildPhases = (
				EA88375327FBB5AF0037C19C /* Sources */,
				EA88375427FBB5AF0037C19C /* Frameworks */,
				EA88375527FBB5AF0037C19C /* Resources */,
			);
			buildRules = (
			);
			dependencies = (
			);
			name = "Bullseye (macOS)";
			productName = "Bullseye (macOS)";
			productReference = EA88375727FBB5AF0037C19C /* Bullseye.app */;
			productType = "com.apple.product-type.application";
		};
/* End PBXNativeTarget section */

/* Begin PBXProject section */
		EA88374527FBB5AE0037C19C /* Project object */ = {
			isa = PBXProject;
			attributes = {
				BuildIndependentTargetsInParallel = 1;
				LastSwiftUpdateCheck = 1330;
				LastUpgradeCheck = 1330;
				TargetAttributes = {
					EA77525327FBBCCE00251A76 = {
						CreatedOnToolsVersion = 13.3;
						TestTargetID = EA88375027FBB5AE0037C19C;
					};
					EA88375027FBB5AE0037C19C = {
						CreatedOnToolsVersion = 13.3;
					};
					EA88375627FBB5AF0037C19C = {
						CreatedOnToolsVersion = 13.3;
					};
				};
			};
			buildConfigurationList = EA88374827FBB5AE0037C19C /* Build configuration list for PBXProject "Bullseye" */;
			compatibilityVersion = "Xcode 13.0";
			developmentRegion = en;
			hasScannedForEncodings = 0;
			knownRegions = (
				en,
				Base,
			);
			mainGroup = EA88374427FBB5AE0037C19C;
			productRefGroup = EA88375227FBB5AE0037C19C /* Products */;
			projectDirPath = "";
			projectRoot = "";
			targets = (
				EA88375027FBB5AE0037C19C /* Bullseye (iOS) */,
				EA88375627FBB5AF0037C19C /* Bullseye (macOS) */,
				EA77525327FBBCCE00251A76 /* BullseyeTests */,
			);
		};
/* End PBXProject section */

/* Begin PBXResourcesBuildPhase section */
		EA77525227FBBCCE00251A76 /* Resources */ = {
			isa = PBXResourcesBuildPhase;
			buildActionMask = 2147483647;
			files = (
			);
			runOnlyForDeploymentPostprocessing = 0;
		};
		EA88374F27FBB5AE0037C19C /* Resources */ = {
			isa = PBXResourcesBuildPhase;
			buildActionMask = 2147483647;
			files = (
				EA88375E27FBB5AF0037C19C /* Assets.xcassets in Resources */,
			);
			runOnlyForDeploymentPostprocessing = 0;
		};
		EA88375527FBB5AF0037C19C /* Resources */ = {
			isa = PBXResourcesBuildPhase;
			buildActionMask = 2147483647;
			files = (
				EA88375F27FBB5AF0037C19C /* Assets.xcassets in Resources */,
			);
			runOnlyForDeploymentPostprocessing = 0;
		};
/* End PBXResourcesBuildPhase section */

/* Begin PBXSourcesBuildPhase section */
		EA77525027FBBCCE00251A76 /* Sources */ = {
			isa = PBXSourcesBuildPhase;
			buildActionMask = 2147483647;
			files = (
				EA77525727FBBCCE00251A76 /* BullseyeTests.swift in Sources */,
			);
			runOnlyForDeploymentPostprocessing = 0;
		};
		EA88374D27FBB5AE0037C19C /* Sources */ = {
			isa = PBXSourcesBuildPhase;
			buildActionMask = 2147483647;
			files = (
				EA88375C27FBB5AF0037C19C /* ContentView.swift in Sources */,
				EA77524E27FBBA5600251A76 /* Game.swift in Sources */,
				EA88375A27FBB5AF0037C19C /* BullseyeApp.swift in Sources */,
			);
			runOnlyForDeploymentPostprocessing = 0;
		};
		EA88375327FBB5AF0037C19C /* Sources */ = {
			isa = PBXSourcesBuildPhase;
			buildActionMask = 2147483647;
			files = (
				EA88375D27FBB5AF0037C19C /* ContentView.swift in Sources */,
				EA77524F27FBBA5600251A76 /* Game.swift in Sources */,
				EA88375B27FBB5AF0037C19C /* BullseyeApp.swift in Sources */,
			);
			runOnlyForDeploymentPostprocessing = 0;
		};
/* End PBXSourcesBuildPhase section */

/* Begin PBXTargetDependency section */
		EA77525927FBBCCE00251A76 /* PBXTargetDependency */ = {
			isa = PBXTargetDependency;
			target = EA88375027FBB5AE0037C19C /* Bullseye (iOS) */;
			targetProxy = EA77525827FBBCCE00251A76 /* PBXContainerItemProxy */;
		};
/* End PBXTargetDependency section */

/* Begin XCBuildConfiguration section */
		EA77525A27FBBCCE00251A76 /* Debug */ = {
			isa = XCBuildConfiguration;
			buildSettings = {
				BUNDLE_LOADER = "$(TEST_HOST)";
				CODE_SIGN_STYLE = Automatic;
				CURRENT_PROJECT_VERSION = 1;
				DEVELOPMENT_TEAM = 8Q4G5PRJJ5;
				GENERATE_INFOPLIST_FILE = YES;
				IPHONEOS_DEPLOYMENT_TARGET = 15.0;
				MARKETING_VERSION = 1.0;
				PRODUCT_BUNDLE_IDENTIFIER = br.com.manoellealdeveloper.BullseyeTests;
				PRODUCT_NAME = "$(TARGET_NAME)";
				SDKROOT = iphoneos;
				SWIFT_EMIT_LOC_STRINGS = NO;
				SWIFT_VERSION = 5.0;
				TARGETED_DEVICE_FAMILY = "1,2";
				TEST_HOST = "$(BUILT_PRODUCTS_DIR)/Bullseye.app/Bullseye";
			};
			name = Debug;
		};
		EA77525B27FBBCCE00251A76 /* Release */ = {
			isa = XCBuildConfiguration;
			buildSettings = {
				BUNDLE_LOADER = "$(TEST_HOST)";
				CODE_SIGN_STYLE = Automatic;
				CURRENT_PROJECT_VERSION = 1;
				DEVELOPMENT_TEAM = 8Q4G5PRJJ5;
				GENERATE_INFOPLIST_FILE = YES;
				IPHONEOS_DEPLOYMENT_TARGET = 15.0;
				MARKETING_VERSION = 1.0;
				PRODUCT_BUNDLE_IDENTIFIER = br.com.manoellealdeveloper.BullseyeTests;
				PRODUCT_NAME = "$(TARGET_NAME)";
				SDKROOT = iphoneos;
				SWIFT_EMIT_LOC_STRINGS = NO;
				SWIFT_VERSION = 5.0;
				TARGETED_DEVICE_FAMILY = "1,2";
				TEST_HOST = "$(BUILT_PRODUCTS_DIR)/Bullseye.app/Bullseye";
				VALIDATE_PRODUCT = YES;
			};
			name = Release;
		};
		EA88376027FBB5AF0037C19C /* Debug */ = {
			isa = XCBuildConfiguration;
			buildSettings = {
				ALWAYS_SEARCH_USER_PATHS = NO;
				CLANG_ANALYZER_NONNULL = YES;
				CLANG_ANALYZER_NUMBER_OBJECT_CONVERSION = YES_AGGRESSIVE;
				CLANG_CXX_LANGUAGE_STANDARD = "gnu++17";
				CLANG_ENABLE_MODULES = YES;
				CLANG_ENABLE_OBJC_ARC = YES;
				CLANG_ENABLE_OBJC_WEAK = YES;
				CLANG_WARN_BLOCK_CAPTURE_AUTORELEASING = YES;
				CLANG_WARN_BOOL_CONVERSION = YES;
				CLANG_WARN_COMMA = YES;
				CLANG_WARN_CONSTANT_CONVERSION = YES;
				CLANG_WARN_DEPRECATED_OBJC_IMPLEMENTATIONS = YES;
				CLANG_WARN_DIRECT_OBJC_ISA_USAGE = YES_ERROR;
				CLANG_WARN_DOCUMENTATION_COMMENTS = YES;
				CLANG_WARN_EMPTY_BODY = YES;
				CLANG_WARN_ENUM_CONVERSION = YES;
				CLANG_WARN_INFINITE_RECURSION = YES;
				CLANG_WARN_INT_CONVERSION = YES;
				CLANG_WARN_NON_LITERAL_NULL_CONVERSION = YES;
				CLANG_WARN_OBJC_IMPLICIT_RETAIN_SELF = YES;
				CLANG_WARN_OBJC_LITERAL_CONVERSION = YES;
				CLANG_WARN_OBJC_ROOT_CLASS = YES_ERROR;
				CLANG_WARN_QUOTED_INCLUDE_IN_FRAMEWORK_HEADER = YES;
				CLANG_WARN_RANGE_LOOP_ANALYSIS = YES;
				CLANG_WARN_STRICT_PROTOTYPES = YES;
				CLANG_WARN_SUSPICIOUS_MOVE = YES;
				CLANG_WARN_UNGUARDED_AVAILABILITY = YES_AGGRESSIVE;
				CLANG_WARN_UNREACHABLE_CODE = YES;
				CLANG_WARN__DUPLICATE_METHOD_MATCH = YES;
				COPY_PHASE_STRIP = NO;
				DEBUG_INFORMATION_FORMAT = dwarf;
				ENABLE_STRICT_OBJC_MSGSEND = YES;
				ENABLE_TESTABILITY = YES;
				GCC_C_LANGUAGE_STANDARD = gnu11;
				GCC_DYNAMIC_NO_PIC = NO;
				GCC_NO_COMMON_BLOCKS = YES;
				GCC_OPTIMIZATION_LEVEL = 0;
				GCC_PREPROCESSOR_DEFINITIONS = (
					"DEBUG=1",
					"$(inherited)",
				);
				GCC_WARN_64_TO_32_BIT_CONVERSION = YES;
				GCC_WARN_ABOUT_RETURN_TYPE = YES_ERROR;
				GCC_WARN_UNDECLARED_SELECTOR = YES;
				GCC_WARN_UNINITIALIZED_AUTOS = YES_AGGRESSIVE;
				GCC_WARN_UNUSED_FUNCTION = YES;
				GCC_WARN_UNUSED_VARIABLE = YES;
				MTL_ENABLE_DEBUG_INFO = INCLUDE_SOURCE;
				MTL_FAST_MATH = YES;
				ONLY_ACTIVE_ARCH = YES;
				SWIFT_ACTIVE_COMPILATION_CONDITIONS = DEBUG;
				SWIFT_OPTIMIZATION_LEVEL = "-Onone";
			};
			name = Debug;
		};
		EA88376127FBB5AF0037C19C /* Release */ = {
			isa = XCBuildConfiguration;
			buildSettings = {
				ALWAYS_SEARCH_USER_PATHS = NO;
				CLANG_ANALYZER_NONNULL = YES;
				CLANG_ANALYZER_NUMBER_OBJECT_CONVERSION = YES_AGGRESSIVE;
				CLANG_CXX_LANGUAGE_STANDARD = "gnu++17";
				CLANG_ENABLE_MODULES = YES;
				CLANG_ENABLE_OBJC_ARC = YES;
				CLANG_ENABLE_OBJC_WEAK = YES;
				CLANG_WARN_BLOCK_CAPTURE_AUTORELEASING = YES;
				CLANG_WARN_BOOL_CONVERSION = YES;
				CLANG_WARN_COMMA = YES;
				CLANG_WARN_CONSTANT_CONVERSION = YES;
				CLANG_WARN_DEPRECATED_OBJC_IMPLEMENTATIONS = YES;
				CLANG_WARN_DIRECT_OBJC_ISA_USAGE = YES_ERROR;
				CLANG_WARN_DOCUMENTATION_COMMENTS = YES;
				CLANG_WARN_EMPTY_BODY = YES;
				CLANG_WARN_ENUM_CONVERSION = YES;
				CLANG_WARN_INFINITE_RECURSION = YES;
				CLANG_WARN_INT_CONVERSION = YES;
				CLANG_WARN_NON_LITERAL_NULL_CONVERSION = YES;
				CLANG_WARN_OBJC_IMPLICIT_RETAIN_SELF = YES;
				CLANG_WARN_OBJC_LITERAL_CONVERSION = YES;
				CLANG_WARN_OBJC_ROOT_CLASS = YES_ERROR;
				CLANG_WARN_QUOTED_INCLUDE_IN_FRAMEWORK_HEADER = YES;
				CLANG_WARN_RANGE_LOOP_ANALYSIS = YES;
				CLANG_WARN_STRICT_PROTOTYPES = YES;
				CLANG_WARN_SUSPICIOUS_MOVE = YES;
				CLANG_WARN_UNGUARDED_AVAILABILITY = YES_AGGRESSIVE;
				CLANG_WARN_UNREACHABLE_CODE = YES;
				CLANG_WARN__DUPLICATE_METHOD_MATCH = YES;
				COPY_PHASE_STRIP = NO;
				DEBUG_INFORMATION_FORMAT = "dwarf-with-dsym";
				ENABLE_NS_ASSERTIONS = NO;
				ENABLE_STRICT_OBJC_MSGSEND = YES;
				GCC_C_LANGUAGE_STANDARD = gnu11;
				GCC_NO_COMMON_BLOCKS = YES;
				GCC_WARN_64_TO_32_BIT_CONVERSION = YES;
				GCC_WARN_ABOUT_RETURN_TYPE = YES_ERROR;
				GCC_WARN_UNDECLARED_SELECTOR = YES;
				GCC_WARN_UNINITIALIZED_AUTOS = YES_AGGRESSIVE;
				GCC_WARN_UNUSED_FUNCTION = YES;
				GCC_WARN_UNUSED_VARIABLE = YES;
				MTL_ENABLE_DEBUG_INFO = NO;
				MTL_FAST_MATH = YES;
				SWIFT_COMPILATION_MODE = wholemodule;
				SWIFT_OPTIMIZATION_LEVEL = "-O";
			};
			name = Release;
		};
		EA88376327FBB5AF0037C19C /* Debug */ = {
			isa = XCBuildConfiguration;
			buildSettings = {
				ASSETCATALOG_COMPILER_APPICON_NAME = AppIcon;
				ASSETCATALOG_COMPILER_GLOBAL_ACCENT_COLOR_NAME = AccentColor;
				CODE_SIGN_STYLE = Automatic;
				CURRENT_PROJECT_VERSION = 1;
				DEVELOPMENT_TEAM = 8Q4G5PRJJ5;
				ENABLE_PREVIEWS = YES;
				GENERATE_INFOPLIST_FILE = YES;
				INFOPLIST_KEY_UIApplicationSceneManifest_Generation = YES;
				INFOPLIST_KEY_UIApplicationSupportsIndirectInputEvents = YES;
				INFOPLIST_KEY_UILaunchScreen_Generation = YES;
				INFOPLIST_KEY_UISupportedInterfaceOrientations_iPad = "UIInterfaceOrientationPortrait UIInterfaceOrientationPortraitUpsideDown UIInterfaceOrientationLandscapeLeft UIInterfaceOrientationLandscapeRight";
				INFOPLIST_KEY_UISupportedInterfaceOrientations_iPhone = "UIInterfaceOrientationPortrait UIInterfaceOrientationLandscapeLeft UIInterfaceOrientationLandscapeRight";
				IPHONEOS_DEPLOYMENT_TARGET = 15.0;
				LD_RUNPATH_SEARCH_PATHS = (
					"$(inherited)",
					"@executable_path/Frameworks",
				);
				MARKETING_VERSION = 1.0;
				PRODUCT_BUNDLE_IDENTIFIER = br.com.manoellealdeveloper.Bullseye;
				PRODUCT_NAME = Bullseye;
				SDKROOT = iphoneos;
				SWIFT_EMIT_LOC_STRINGS = YES;
				SWIFT_VERSION = 5.0;
				TARGETED_DEVICE_FAMILY = "1,2";
			};
			name = Debug;
		};
		EA88376427FBB5AF0037C19C /* Release */ = {
			isa = XCBuildConfiguration;
			buildSettings = {
				ASSETCATALOG_COMPILER_APPICON_NAME = AppIcon;
				ASSETCATALOG_COMPILER_GLOBAL_ACCENT_COLOR_NAME = AccentColor;
				CODE_SIGN_STYLE = Automatic;
				CURRENT_PROJECT_VERSION = 1;
				DEVELOPMENT_TEAM = 8Q4G5PRJJ5;
				ENABLE_PREVIEWS = YES;
				GENERATE_INFOPLIST_FILE = YES;
				INFOPLIST_KEY_UIApplicationSceneManifest_Generation = YES;
				INFOPLIST_KEY_UIApplicationSupportsIndirectInputEvents = YES;
				INFOPLIST_KEY_UILaunchScreen_Generation = YES;
				INFOPLIST_KEY_UISupportedInterfaceOrientations_iPad = "UIInterfaceOrientationPortrait UIInterfaceOrientationPortraitUpsideDown UIInterfaceOrientationLandscapeLeft UIInterfaceOrientationLandscapeRight";
				INFOPLIST_KEY_UISupportedInterfaceOrientations_iPhone = "UIInterfaceOrientationPortrait UIInterfaceOrientationLandscapeLeft UIInterfaceOrientationLandscapeRight";
				IPHONEOS_DEPLOYMENT_TARGET = 15.0;
				LD_RUNPATH_SEARCH_PATHS = (
					"$(inherited)",
					"@executable_path/Frameworks",
				);
				MARKETING_VERSION = 1.0;
				PRODUCT_BUNDLE_IDENTIFIER = br.com.manoellealdeveloper.Bullseye;
				PRODUCT_NAME = Bullseye;
				SDKROOT = iphoneos;
				SWIFT_EMIT_LOC_STRINGS = YES;
				SWIFT_VERSION = 5.0;
				TARGETED_DEVICE_FAMILY = "1,2";
				VALIDATE_PRODUCT = YES;
			};
			name = Release;
		};
		EA88376627FBB5AF0037C19C /* Debug */ = {
			isa = XCBuildConfiguration;
			buildSettings = {
				ASSETCATALOG_COMPILER_APPICON_NAME = AppIcon;
				ASSETCATALOG_COMPILER_GLOBAL_ACCENT_COLOR_NAME = AccentColor;
				CODE_SIGN_ENTITLEMENTS = macOS/macOS.entitlements;
				CODE_SIGN_STYLE = Automatic;
				COMBINE_HIDPI_IMAGES = YES;
				CURRENT_PROJECT_VERSION = 1;
				DEVELOPMENT_TEAM = 8Q4G5PRJJ5;
				ENABLE_HARDENED_RUNTIME = YES;
				ENABLE_PREVIEWS = YES;
				GENERATE_INFOPLIST_FILE = YES;
				INFOPLIST_KEY_NSHumanReadableCopyright = "";
				LD_RUNPATH_SEARCH_PATHS = (
					"$(inherited)",
					"@executable_path/../Frameworks",
				);
				MACOSX_DEPLOYMENT_TARGET = 12.0;
				MARKETING_VERSION = 1.0;
				PRODUCT_BUNDLE_IDENTIFIER = br.com.manoellealdeveloper.Bullseye;
				PRODUCT_NAME = Bullseye;
				SDKROOT = macosx;
				SWIFT_EMIT_LOC_STRINGS = YES;
				SWIFT_VERSION = 5.0;
			};
			name = Debug;
		};
		EA88376727FBB5AF0037C19C /* Release */ = {
			isa = XCBuildConfiguration;
			buildSettings = {
				ASSETCATALOG_COMPILER_APPICON_NAME = AppIcon;
				ASSETCATALOG_COMPILER_GLOBAL_ACCENT_COLOR_NAME = AccentColor;
				CODE_SIGN_ENTITLEMENTS = macOS/macOS.entitlements;
				CODE_SIGN_STYLE = Automatic;
				COMBINE_HIDPI_IMAGES = YES;
				CURRENT_PROJECT_VERSION = 1;
				DEVELOPMENT_TEAM = 8Q4G5PRJJ5;
				ENABLE_HARDENED_RUNTIME = YES;
				ENABLE_PREVIEWS = YES;
				GENERATE_INFOPLIST_FILE = YES;
				INFOPLIST_KEY_NSHumanReadableCopyright = "";
				LD_RUNPATH_SEARCH_PATHS = (
					"$(inherited)",
					"@executable_path/../Frameworks",
				);
				MACOSX_DEPLOYMENT_TARGET = 12.0;
				MARKETING_VERSION = 1.0;
				PRODUCT_BUNDLE_IDENTIFIER = br.com.manoellealdeveloper.Bullseye;
				PRODUCT_NAME = Bullseye;
				SDKROOT = macosx;
				SWIFT_EMIT_LOC_STRINGS = YES;
				SWIFT_VERSION = 5.0;
			};
			name = Release;
		};
/* End XCBuildConfiguration section */

/* Begin XCConfigurationList section */
		EA77525C27FBBCCE00251A76 /* Build configuration list for PBXNativeTarget "BullseyeTests" */ = {
			isa = XCConfigurationList;
			buildConfigurations = (
				EA77525A27FBBCCE00251A76 /* Debug */,
				EA77525B27FBBCCE00251A76 /* Release */,
			);
			defaultConfigurationIsVisible = 0;
			defaultConfigurationName = Release;
		};
		EA88374827FBB5AE0037C19C /* Build configuration list for PBXProject "Bullseye" */ = {
			isa = XCConfigurationList;
			buildConfigurations = (
				EA88376027FBB5AF0037C19C /* Debug */,
				EA88376127FBB5AF0037C19C /* Release */,
			);
			defaultConfigurationIsVisible = 0;
			defaultConfigurationName = Release;
		};
		EA88376227FBB5AF0037C19C /* Build configuration list for PBXNativeTarget "Bullseye (iOS)" */ = {
			isa = XCConfigurationList;
			buildConfigurations = (
				EA88376327FBB5AF0037C19C /* Debug */,
				EA88376427FBB5AF0037C19C /* Release */,
			);
			defaultConfigurationIsVisible = 0;
			defaultConfigurationName = Release;
		};
		EA88376527FBB5AF0037C19C /* Build configuration list for PBXNativeTarget "Bullseye (macOS)" */ = {
			isa = XCConfigurationList;
			buildConfigurations = (
				EA88376627FBB5AF0037C19C /* Debug */,
				EA88376727FBB5AF0037C19C /* Release */,
			);
			defaultConfigurationIsVisible = 0;
			defaultConfigurationName = Release;
		};
/* End XCConfigurationList section */
	};
	rootObject = EA88374527FBB5AE0037C19C /* Project object */;
}
